
Microsoft Visual Studio Solution File, Format Version 12.00
# Visual Studio 2012
Project("{FAE04EC0-301F-11D3-BF4B-00C04F79EFBC}") = "Glimpse.Knockout", "Glimpse.Knockout\Glimpse.Knockout.csproj", "{32CE6157-2685-4F32-9E49-F0F2BF445E2B}"
EndProject
Project("{2150E333-8FDC-42A3-9474-1A3956D46DE8}") = ".nuget", ".nuget", "{D5EA8904-0687-4E4C-AD9F-79ADD58DFECB}"
	ProjectSection(SolutionItems) = preProject
		.nuget\NuGet.Config = .nuget\NuGet.Config
		.nuget\NuGet.exe = .nuget\NuGet.exe
		.nuget\NuGet.targets = .nuget\NuGet.targets
	EndProjectSection
EndProject
Global
	GlobalSection(SolutionConfigurationPlatforms) = preSolution
		Debug|Any CPU = Debug|Any CPU
		Release|Any CPU = Release|Any CPU
	EndGlobalSection
	GlobalSection(ProjectConfigurationPlatforms) = postSolution
		{32CE6157-2685-4F32-9E49-F0F2BF445E2B}.Debug|Any CPU.ActiveCfg = Debug|Any CPU
		{32CE6157-2685-4F32-9E49-F0F2BF445E2B}.Debug|Any CPU.Build.0 = Debug|Any CPU
		{32CE6157-2685-4F32-9E49-F0F2BF445E2B}.Release|Any CPU.ActiveCfg = Release|Any CPU
		{32CE6157-2685-4F32-9E49-F0F2BF445E2B}.Release|Any CPU.Build.0 = Release|Any CPU
	EndGlobalSection
	GlobalSection(SolutionProperties) = preSolution
		HideSolutionNode = FALSE
	EndGlobalSection
EndGlobal
